
Microsoft Visual Studio Solution File, Format Version 12.00
# Visual Studio Version 17
VisualStudioVersion = 17.2.32526.322
MinimumVisualStudioVersion = 10.0.40219.1
Project("{9A19103F-16F7-4668-BE54-9A1E7A4F7556}") = "Pagination.Entity", "Pagination.Entity\Pagination.Entity.csproj", "{1FEDBDD4-3B60-454E-A12D-5305866F7929}"
EndProject
Project("{9A19103F-16F7-4668-BE54-9A1E7A4F7556}") = "Pagination.DataAccess", "Pagination.DataAccess\Pagination.DataAccess.csproj", "{187D399F-D211-48F6-A59C-2A8ED580A95B}"
EndProject
Project("{9A19103F-16F7-4668-BE54-9A1E7A4F7556}") = "Pagination.Dto", "Pagination.Dto\Pagination.Dto.csproj", "{24C9ACA3-12EB-4275-9421-45BD27A99BCB}"
EndProject
Project("{9A19103F-16F7-4668-BE54-9A1E7A4F7556}") = "Pagination.Business", "Pagination.Business\Pagination.Business.csproj", "{F361F882-A610-40E7-8E07-6B30B45C0B7B}"
EndProject
Project("{9A19103F-16F7-4668-BE54-9A1E7A4F7556}") = "Pagination.WebApi", "Pagination.WebApi\Pagination.WebApi.csproj", "{86774459-4853-4F3C-8FEF-D28DCDA77507}"
EndProject
Project("{9A19103F-16F7-4668-BE54-9A1E7A4F7556}") = "Core", "Core\Core.csproj", "{404D0733-6C8E-4999-9F8B-B519F85B4456}"
EndProject
Project("{FAE04EC0-301F-11D3-BF4B-00C04F79EFBC}") = "Pagination.Business.Test", "Pagination.Business.Test\Pagination.Business.Test.csproj", "{AA2DBA80-4310-40E2-BD19-F42CEC236A7B}"
EndProject
Global
	GlobalSection(SolutionConfigurationPlatforms) = preSolution
		Debug|Any CPU = Debug|Any CPU
		Release|Any CPU = Release|Any CPU
	EndGlobalSection
	GlobalSection(ProjectConfigurationPlatforms) = postSolution
		{1FEDBDD4-3B60-454E-A12D-5305866F7929}.Debug|Any CPU.ActiveCfg = Debug|Any CPU
		{1FEDBDD4-3B60-454E-A12D-5305866F7929}.Debug|Any CPU.Build.0 = Debug|Any CPU
		{1FEDBDD4-3B60-454E-A12D-5305866F7929}.Release|Any CPU.ActiveCfg = Release|Any CPU
		{1FEDBDD4-3B60-454E-A12D-5305866F7929}.Release|Any CPU.Build.0 = Release|Any CPU
		{187D399F-D211-48F6-A59C-2A8ED580A95B}.Debug|Any CPU.ActiveCfg = Debug|Any CPU
		{187D399F-D211-48F6-A59C-2A8ED580A95B}.Debug|Any CPU.Build.0 = Debug|Any CPU
		{187D399F-D211-48F6-A59C-2A8ED580A95B}.Release|Any CPU.ActiveCfg = Release|Any CPU
		{187D399F-D211-48F6-A59C-2A8ED580A95B}.Release|Any CPU.Build.0 = Release|Any CPU
		{24C9ACA3-12EB-4275-9421-45BD27A99BCB}.Debug|Any CPU.ActiveCfg = Debug|Any CPU
		{24C9ACA3-12EB-4275-9421-45BD27A99BCB}.Debug|Any CPU.Build.0 = Debug|Any CPU
		{24C9ACA3-12EB-4275-9421-45BD27A99BCB}.Release|Any CPU.ActiveCfg = Release|Any CPU
		{24C9ACA3-12EB-4275-9421-45BD27A99BCB}.Release|Any CPU.Build.0 = Release|Any CPU
		{F361F882-A610-40E7-8E07-6B30B45C0B7B}.Debug|Any CPU.ActiveCfg = Debug|Any CPU
		{F361F882-A610-40E7-8E07-6B30B45C0B7B}.Debug|Any CPU.Build.0 = Debug|Any CPU
		{F361F882-A610-40E7-8E07-6B30B45C0B7B}.Release|Any CPU.ActiveCfg = Release|Any CPU
		{F361F882-A610-40E7-8E07-6B30B45C0B7B}.Release|Any CPU.Build.0 = Release|Any CPU
		{86774459-4853-4F3C-8FEF-D28DCDA77507}.Debug|Any CPU.ActiveCfg = Debug|Any CPU
		{86774459-4853-4F3C-8FEF-D28DCDA77507}.Debug|Any CPU.Build.0 = Debug|Any CPU
		{86774459-4853-4F3C-8FEF-D28DCDA77507}.Release|Any CPU.ActiveCfg = Release|Any CPU
		{86774459-4853-4F3C-8FEF-D28DCDA77507}.Release|Any CPU.Build.0 = Release|Any CPU
		{404D0733-6C8E-4999-9F8B-B519F85B4456}.Debug|Any CPU.ActiveCfg = Debug|Any CPU
		{404D0733-6C8E-4999-9F8B-B519F85B4456}.Debug|Any CPU.Build.0 = Debug|Any CPU
		{404D0733-6C8E-4999-9F8B-B519F85B4456}.Release|Any CPU.ActiveCfg = Release|Any CPU
		{404D0733-6C8E-4999-9F8B-B519F85B4456}.Release|Any CPU.Build.0 = Release|Any CPU
		{AA2DBA80-4310-40E2-BD19-F42CEC236A7B}.Debug|Any CPU.ActiveCfg = Debug|Any CPU
		{AA2DBA80-4310-40E2-BD19-F42CEC236A7B}.Debug|Any CPU.Build.0 = Debug|Any CPU
		{AA2DBA80-4310-40E2-BD19-F42CEC236A7B}.Release|Any CPU.ActiveCfg = Release|Any CPU
		{AA2DBA80-4310-40E2-BD19-F42CEC236A7B}.Release|Any CPU.Build.0 = Release|Any CPU
	EndGlobalSection
	GlobalSection(SolutionProperties) = preSolution
		HideSolutionNode = FALSE
	EndGlobalSection
	GlobalSection(ExtensibilityGlobals) = postSolution
		SolutionGuid = {591935D7-348D-4F88-90A2-70ED414C9569}
	EndGlobalSection
EndGlobal
